<?xml version="1.0" encoding="UTF-8" standalone="yes" ?>
<CodeBlocks_project_file>
	<FileVersion major="1" minor="6" />
	<Project>
		<Option title="CB_GUIWin_C_Skeleton" />
		<Option pch_mode="2" />
		<Option compiler="gcc" />
		<Build>
			<Target title="Debug">
				<Option output="bin\Debug\CB_GUIWin-C_Skeleton" prefix_auto="1" extension_auto="1" />
				<Option object_output="obj\Debug\" />
				<Option type="1" />
				<Option compiler="gcc" />
				<Compiler>
					<Add option="-g" />
					<Add directory="GUISim_files\include" />
					<Add directory="GUISim_files\include\SDL" />
					<Add directory="GUISim_files\include\IUP" />
					<Add directory="$(MIOS_PATH)\include" />
				</Compiler>
				<Linker>
					<Add library="GUISim_files\lib\SDL.dll" />
					<Add library="GUISim_files\lib\SDL_ttf.dll" />
					<Add library="GUISim_files\lib\cd.dll" />
					<Add library="GUISim_files\lib\iup.dll" />
					<Add library="GUISim_files\lib\iupcd.dll" />
					<Add library="GUISim_files\lib\iupcontrols.dll" />
					<Add directory="GUISim_files\lib" />
				</Linker>
			</Target>
			<Target title="Release">
				<Option type="4" />
				<Option compiler="sdcc" />
				<Compiler>
					<Add option="-O2" />
				</Compiler>
				<Linker>
					<Add option="-s" />
				</Linker>
			</Target>
		</Build>
		<Compiler>
			<Add option="-Wall" />
			<Add option="-fexceptions" />
		</Compiler>
		<Unit filename="GUISim_files\ACMidiDefines.h">
			<Option target="&lt;{~None~}&gt;" />
		</Unit>
		<Unit filename="GUISim_files\ACSim_console.c">
			<Option compilerVar="CC" />
			<Option target="Debug" />
		</Unit>
		<Unit filename="GUISim_files\ACSim_console.h">
			<Option target="&lt;{~None~}&gt;" />
		</Unit>
		<Unit filename="GUISim_files\ACSim_mios.c">
			<Option compilerVar="CC" />
			<Option target="Debug" />
		</Unit>
		<Unit filename="GUISim_files\ACSim_mios.h">
			<Option target="&lt;{~None~}&gt;" />
		</Unit>
		<Unit filename="GUISim_files\ACSim_toolbox.c">
			<Option compilerVar="CC" />
			<Option target="Debug" />
		</Unit>
		<Unit filename="GUISim_files\ACSim_toolbox.h">
			<Option target="&lt;{~None~}&gt;" />
		</Unit>
		<Unit filename="GUISim_files\GUISim_windows.c">
			<Option compilerVar="CC" />
			<Option target="&lt;{~None~}&gt;" />
		</Unit>
		<Unit filename="Makefile">
			<Option target="&lt;{~None~}&gt;" />
		</Unit>
		<Unit filename="cmios.h">
			<Option target="&lt;{~None~}&gt;" />
		</Unit>
		<Unit filename="main.c">
			<Option compilerVar="CC" />
			<Option compiler="sdcc" use="1" buildCommand="make" />
			<Option target="Release" />
		</Unit>
		<Unit filename="main.h">
			<Option target="&lt;{~None~}&gt;" />
		</Unit>
		<Extensions>
			<code_completion />
			<envvars />
			<debugger />
		</Extensions>
	</Project>
</CodeBlocks_project_file>
