// !$*UTF8*$!
{
	archiveVersion = 1;
	classes = {
	};
	objectVersion = 42;
	objects = {

/* Begin PBXAggregateTarget section */
		136534180AA51CAC00E835CA /* ACSensorizer_syx */ = {
			isa = PBXAggregateTarget;
			buildConfigurationList = 136534220AA51CD500E835CA /* Build configuration list for PBXAggregateTarget "ACSensorizer_syx" */;
			buildPhases = (
				136534170AA51CAC00E835CA /* ShellScript */,
			);
			dependencies = (
			);
			name = ACSensorizer_syx;
			productName = m5_kontaktstation;
		};
/* End PBXAggregateTarget section */

/* Begin PBXFileReference section */
		130A66DB0B20DBDE00D8D58D /* ACHarmonizer.h */ = {isa = PBXFileReference; fileEncoding = 4; lastKnownFileType = sourcecode.c.h; path = ACHarmonizer.h; sourceTree = "<group>"; };
		130A66DC0B20DBDE00D8D58D /* ACHarmonizer.c */ = {isa = PBXFileReference; fileEncoding = 4; lastKnownFileType = sourcecode.c.c; path = ACHarmonizer.c; sourceTree = "<group>"; };
		132487320BC6CC71009CD1BC /* ACMidiProtocol.h */ = {isa = PBXFileReference; fileEncoding = 30; lastKnownFileType = sourcecode.c.h; path = ACMidiProtocol.h; sourceTree = "<group>"; };
		136533EF0AA51BBD00E835CA /* ACMidiDefines.h */ = {isa = PBXFileReference; fileEncoding = 30; lastKnownFileType = sourcecode.c.h; path = ACMidiDefines.h; sourceTree = "<group>"; };
		136533F00AA51BBD00E835CA /* ACMidi.c */ = {isa = PBXFileReference; fileEncoding = 30; lastKnownFileType = sourcecode.c.c; path = ACMidi.c; sourceTree = "<group>"; };
		136533F10AA51BBD00E835CA /* ACMidi.h */ = {isa = PBXFileReference; fileEncoding = 30; lastKnownFileType = sourcecode.c.h; path = ACMidi.h; sourceTree = "<group>"; };
		136533F70AA51BE200E835CA /* ACSensorizer.h */ = {isa = PBXFileReference; fileEncoding = 30; lastKnownFileType = sourcecode.c.h; path = ACSensorizer.h; sourceTree = "<group>"; };
		136533F80AA51BE200E835CA /* ACSensorizer.c */ = {isa = PBXFileReference; fileEncoding = 30; lastKnownFileType = sourcecode.c.c; path = ACSensorizer.c; sourceTree = "<group>"; };
		1365340E0AA51C4700E835CA /* fixasm.pl */ = {isa = PBXFileReference; fileEncoding = 30; lastKnownFileType = text.script.perl; path = fixasm.pl; sourceTree = "<group>"; };
		1365340F0AA51C4700E835CA /* hex2syx.pl */ = {isa = PBXFileReference; fileEncoding = 30; lastKnownFileType = text.script.perl; path = hex2syx.pl; sourceTree = "<group>"; };
		136534120AA51C5200E835CA /* readme.txt */ = {isa = PBXFileReference; explicitFileType = sourcecode.c; fileEncoding = 30; path = readme.txt; sourceTree = "<group>"; };
		136534290AA51D0C00E835CA /* Carbon.framework */ = {isa = PBXFileReference; lastKnownFileType = wrapper.framework; name = Carbon.framework; path = /System/Library/Frameworks/Carbon.framework; sourceTree = "<absolute>"; };
		1365342F0AA51DAB00E835CA /* main.h */ = {isa = PBXFileReference; fileEncoding = 4; lastKnownFileType = sourcecode.c.h; path = main.h; sourceTree = "<group>"; };
		136534310AA51DCA00E835CA /* main.c */ = {isa = PBXFileReference; fileEncoding = 30; lastKnownFileType = sourcecode.c.c; path = main.c; sourceTree = "<group>"; };
		13AFB5BE0AD45B1F00EB77D6 /* ACSyncronizer.h */ = {isa = PBXFileReference; fileEncoding = 30; lastKnownFileType = sourcecode.c.h; path = ACSyncronizer.h; sourceTree = "<group>"; };
		13AFB5BF0AD45B1F00EB77D6 /* ACSyncronizer.c */ = {isa = PBXFileReference; fileEncoding = 30; lastKnownFileType = sourcecode.c.c; path = ACSyncronizer.c; sourceTree = "<group>"; };
		13F9C7130B30C00000A9E9F2 /* ACSensorizerDefines.h */ = {isa = PBXFileReference; fileEncoding = 4; lastKnownFileType = sourcecode.c.h; path = ACSensorizerDefines.h; sourceTree = "<group>"; };
		56FC26110E92EACD00EBC949 /* ACToolbox.c */ = {isa = PBXFileReference; fileEncoding = 4; lastKnownFileType = sourcecode.c.c; path = ACToolbox.c; sourceTree = SOURCE_ROOT; };
		56FC26120E92EACD00EBC949 /* ACToolbox.h */ = {isa = PBXFileReference; fileEncoding = 4; lastKnownFileType = sourcecode.c.h; path = ACToolbox.h; sourceTree = SOURCE_ROOT; };
		56FC27200E92EDC400EBC949 /* Makefile */ = {isa = PBXFileReference; fileEncoding = 4; lastKnownFileType = sourcecode.make; path = Makefile; sourceTree = "<group>"; };
/* End PBXFileReference section */

/* Begin PBXGroup section */
		130A66DA0B20DBAC00D8D58D /* ACHarmonizer */ = {
			isa = PBXGroup;
			children = (
				130A66DB0B20DBDE00D8D58D /* ACHarmonizer.h */,
				130A66DC0B20DBDE00D8D58D /* ACHarmonizer.c */,
			);
			name = ACHarmonizer;
			sourceTree = "<group>";
		};
		136533B10AA51AB100E835CA = {
			isa = PBXGroup;
			children = (
				136534120AA51C5200E835CA /* readme.txt */,
				13F9C7130B30C00000A9E9F2 /* ACSensorizerDefines.h */,
				136534300AA51DB300E835CA /* main */,
				136533EA0AA51B9400E835CA /* ACMidi */,
				136533F20AA51BD000E835CA /* ACSensorizer */,
				13AFB5BB0AD45AFF00EB77D6 /* ACSyncronizer */,
				130A66DA0B20DBAC00D8D58D /* ACHarmonizer */,
				56FC26100E92EACD00EBC949 /* ACToolbox */,
				1365340C0AA51C4700E835CA /* tools */,
				136533FA0AA51BF100E835CA /* Make */,
				136534280AA51CE900E835CA /* Frameworks */,
			);
			sourceTree = "<group>";
		};
		136533EA0AA51B9400E835CA /* ACMidi */ = {
			isa = PBXGroup;
			children = (
				136533EF0AA51BBD00E835CA /* ACMidiDefines.h */,
				132487320BC6CC71009CD1BC /* ACMidiProtocol.h */,
				136533F10AA51BBD00E835CA /* ACMidi.h */,
				136533F00AA51BBD00E835CA /* ACMidi.c */,
			);
			name = ACMidi;
			sourceTree = "<group>";
		};
		136533F20AA51BD000E835CA /* ACSensorizer */ = {
			isa = PBXGroup;
			children = (
				136533F70AA51BE200E835CA /* ACSensorizer.h */,
				136533F80AA51BE200E835CA /* ACSensorizer.c */,
			);
			name = ACSensorizer;
			sourceTree = "<group>";
		};
		136533FA0AA51BF100E835CA /* Make */ = {
			isa = PBXGroup;
			children = (
				56FC27200E92EDC400EBC949 /* Makefile */,
			);
			name = Make;
			sourceTree = "<group>";
		};
		1365340C0AA51C4700E835CA /* tools */ = {
			isa = PBXGroup;
			children = (
				1365340E0AA51C4700E835CA /* fixasm.pl */,
				1365340F0AA51C4700E835CA /* hex2syx.pl */,
			);
			path = tools;
			sourceTree = "<group>";
		};
		136534280AA51CE900E835CA /* Frameworks */ = {
			isa = PBXGroup;
			children = (
				136534290AA51D0C00E835CA /* Carbon.framework */,
			);
			name = Frameworks;
			sourceTree = "<group>";
		};
		136534300AA51DB300E835CA /* main */ = {
			isa = PBXGroup;
			children = (
				1365342F0AA51DAB00E835CA /* main.h */,
				136534310AA51DCA00E835CA /* main.c */,
			);
			name = main;
			sourceTree = "<group>";
		};
		13AFB5BB0AD45AFF00EB77D6 /* ACSyncronizer */ = {
			isa = PBXGroup;
			children = (
				13AFB5BE0AD45B1F00EB77D6 /* ACSyncronizer.h */,
				13AFB5BF0AD45B1F00EB77D6 /* ACSyncronizer.c */,
			);
			name = ACSyncronizer;
			sourceTree = "<group>";
		};
		56FC26100E92EACD00EBC949 /* ACToolbox */ = {
			isa = PBXGroup;
			children = (
				56FC26120E92EACD00EBC949 /* ACToolbox.h */,
				56FC26110E92EACD00EBC949 /* ACToolbox.c */,
			);
			name = ACToolbox;
			sourceTree = "<group>";
		};
/* End PBXGroup section */

/* Begin PBXProject section */
		136533B30AA51AB100E835CA /* Project object */ = {
			isa = PBXProject;
			buildConfigurationList = 136533B40AA51AB100E835CA /* Build configuration list for PBXProject "ACSensorizer" */;
			compatibilityVersion = "Xcode 2.4";
			hasScannedForEncodings = 0;
			mainGroup = 136533B10AA51AB100E835CA;
			productRefGroup = 136533B10AA51AB100E835CA;
			projectDirPath = "";
			projectRoot = "";
			targets = (
				136534180AA51CAC00E835CA /* ACSensorizer_syx */,
			);
		};
/* End PBXProject section */

/* Begin PBXShellScriptBuildPhase section */
		136534170AA51CAC00E835CA /* ShellScript */ = {
			isa = PBXShellScriptBuildPhase;
			buildActionMask = 12;
			files = (
			);
			inputPaths = (
				"$(SRCROOT)/ACHarmonizer.h",
				"$(SRCROOT)/ACHarmonizer.c",
				"$(SRCROOT)/ACMidi.h",
				"$(SRCROOT)/ACMidi.c",
				"$(SRCROOT)/ACMidiDefines.h",
				"$(SRCROOT)/ACMidiProtocol.h",
				"$(SRCROOT)/ACSensorizer.h",
				"$(SRCROOT)/ACSensorizer.c",
				"$(SRCROOT)/ACSensorizerDefines.h",
				"$(SRCROOT)/ACSim_console.h",
				"$(SRCROOT)/ACSim_console.c",
				"$(SRCROOT)/ACSim_mios.h",
				"$(SRCROOT)/ACSim_mios.c",
				"$(SRCROOT)/ACSim_toolbox.h",
				"$(SRCROOT)/ACSim_toolbox.c",
				"$(SRCROOT)/ACSyncronizer.h",
				"$(SRCROOT)/ACSyncronizer.c",
				"$(SRCROOT)/ACToolbox.h",
				"$(SRCROOT)/ACToolbox.m",
				"$(SRCROOT)/main.h",
				"$(SRCROOT)/main.c",
				"$(SRCROOT)/Makefile",
				"$(SRCROOT)/readme.txt",
			);
			outputPaths = (
				"$(DERIVED_FILE_DIR)/ACSensorizer.hex",
				"$(DERIVED_FILE_DIR)/ACSensorizer.syx",
			);
			runOnlyForDeploymentPostprocessing = 0;
			shellPath = /bin/sh;
			shellScript = "# shell script goes here\n\nPATH=$PATH:/usr/local/bin\nexport MIOS_PATH=/Developer/MIOS/mios_base\nexport MIOS_BIN_PATH=/Developer/MIOS/mios_base/bin\nexport MIOS_SHELL=/bin/bash\n\ncd $SRCROOT\nmake\n\n./tools/hex2syx.pl ACSensorizer.hex\n\nexit 0";
		};
/* End PBXShellScriptBuildPhase section */

/* Begin XCBuildConfiguration section */
		136533B50AA51AB100E835CA /* Debug */ = {
			isa = XCBuildConfiguration;
			buildSettings = {
				COPY_PHASE_STRIP = NO;
			};
			name = Debug;
		};
		136533B60AA51AB100E835CA /* Release */ = {
			isa = XCBuildConfiguration;
			buildSettings = {
				COPY_PHASE_STRIP = YES;
			};
			name = Release;
		};
		136534230AA51CD500E835CA /* Debug */ = {
			isa = XCBuildConfiguration;
			buildSettings = {
				COPY_PHASE_STRIP = NO;
				GCC_DYNAMIC_NO_PIC = NO;
				GCC_GENERATE_DEBUGGING_SYMBOLS = YES;
				GCC_OPTIMIZATION_LEVEL = 0;
				PRODUCT_NAME = ACSensorizer;
			};
			name = Debug;
		};
		136534240AA51CD500E835CA /* Release */ = {
			isa = XCBuildConfiguration;
			buildSettings = {
				COPY_PHASE_STRIP = YES;
				GCC_ENABLE_FIX_AND_CONTINUE = NO;
				GCC_GENERATE_DEBUGGING_SYMBOLS = NO;
				PRODUCT_NAME = m5_kontaktstation;
				ZERO_LINK = NO;
			};
			name = Release;
		};
/* End XCBuildConfiguration section */

/* Begin XCConfigurationList section */
		136533B40AA51AB100E835CA /* Build configuration list for PBXProject "ACSensorizer" */ = {
			isa = XCConfigurationList;
			buildConfigurations = (
				136533B50AA51AB100E835CA /* Debug */,
				136533B60AA51AB100E835CA /* Release */,
			);
			defaultConfigurationIsVisible = 0;
			defaultConfigurationName = Release;
		};
		136534220AA51CD500E835CA /* Build configuration list for PBXAggregateTarget "ACSensorizer_syx" */ = {
			isa = XCConfigurationList;
			buildConfigurations = (
				136534230AA51CD500E835CA /* Debug */,
				136534240AA51CD500E835CA /* Release */,
			);
			defaultConfigurationIsVisible = 0;
			defaultConfigurationName = Release;
		};
/* End XCConfigurationList section */
	};
	rootObject = 136533B30AA51AB100E835CA /* Project object */;
}
